PODS:
  - GzipSwift (5.1.1)
  - Kline (0.1.0):
    - SnapKit
  - ObjectMapper (4.2.0)
  - RxCocoa (6.5.0):
    - RxRelay (= 6.5.0)
    - RxSwift (= 6.5.0)
  - RxRelay (6.5.0):
    - RxSwift (= 6.5.0)
  - RxSwift (6.5.0)
  - SnapKit (5.0.1)
  - Starscream (4.0.4)

DEPENDENCIES:
  - GzipSwift
  - Kline (from `../`)
  - ObjectMapper
  - RxCocoa
  - RxSwift
  - SnapKit (= 5.0.1)
  - Starscream

SPEC REPOS:
  trunk:
    - GzipSwift
    - ObjectMapper
    - RxCocoa
    - RxRelay
    - RxSwift
    - SnapKit
    - Starscream

EXTERNAL SOURCES:
  Kline:
    :path: "../"

SPEC CHECKSUMS:
  GzipSwift: 893f3e48e597a1a4f62fafcb6514220fcf8287fa
  Kline: bc3b5c661edc63e82ff9348220e1f429ac3ad4d5
  ObjectMapper: 1eb41f610210777375fa806bf161dc39fb832b81
  RxCocoa: 94f817b71c07517321eb4f9ad299112ca8af743b
  RxRelay: 1de1523e604c72b6c68feadedd1af3b1b4d0ecbd
  RxSwift: 5710a9e6b17f3c3d6e40d6e559b9fa1e813b2ef8
  SnapKit: 97b92857e3df3a0c71833cce143274bf6ef8e5eb
  Starscream: 5178aed56b316f13fa3bc55694e583d35dd414d9

PODFILE CHECKSUM: f6cb67e4413b52e18a2d09cde9587fe4dd1b8b51

COCOAPODS: 1.11.3
